
Microsoft Visual Studio Solution File, Format Version 12.00
# Visual Studio 15
VisualStudioVersion = 15.0.28307.1209
MinimumVisualStudioVersion = 10.0.40219.1
Project("{888888A0-9F3D-457C-B088-3A5042F75D52}") = "blockchain_consensus_demo", "blockchain_consensus_demo\blockchain_consensus_demo.pyproj", "{2A0850CF-F6F8-4EEF-AA16-01BEE6150E10}"
EndProject
Global
	GlobalSection(SolutionConfigurationPlatforms) = preSolution
		Debug|Any CPU = Debug|Any CPU
		Release|Any CPU = Release|Any CPU
	EndGlobalSection
	GlobalSection(ProjectConfigurationPlatforms) = postSolution
		{2A0850CF-F6F8-4EEF-AA16-01BEE6150E10}.Debug|Any CPU.ActiveCfg = Debug|Any CPU
		{2A0850CF-F6F8-4EEF-AA16-01BEE6150E10}.Release|Any CPU.ActiveCfg = Release|Any CPU
	EndGlobalSection
	GlobalSection(SolutionProperties) = preSolution
		HideSolutionNode = FALSE
	EndGlobalSection
	GlobalSection(ExtensibilityGlobals) = postSolution
		SolutionGuid = {28581AE2-6D66-4594-B5C4-BC794629567A}
	EndGlobalSection
EndGlobal
